
Microsoft Visual Studio Solution File, Format Version 12.00
# Visual Studio Version 16
VisualStudioVersion = 16.0.30011.22
MinimumVisualStudioVersion = 10.0.40219.1
Project("{9A19103F-16F7-4668-BE54-9A1E7A4F7556}") = "FileWebApi", "FileWebApi\FileWebApi.csproj", "{00EF999B-3AED-4ADD-BA5B-3D81B2002045}"
EndProject
Project("{FAE04EC0-301F-11D3-BF4B-00C04F79EFBC}") = "FileWebApi.Tests", "FileWebApi.Tests\FileWebApi.Tests.csproj", "{0ACAACFD-9E09-4A56-A4AA-09ED78851FF5}"
EndProject
Global
	GlobalSection(SolutionConfigurationPlatforms) = preSolution
		Debug|Any CPU = Debug|Any CPU
		Release|Any CPU = Release|Any CPU
	EndGlobalSection
	GlobalSection(ProjectConfigurationPlatforms) = postSolution
		{00EF999B-3AED-4ADD-BA5B-3D81B2002045}.Debug|Any CPU.ActiveCfg = Debug|Any CPU
		{00EF999B-3AED-4ADD-BA5B-3D81B2002045}.Debug|Any CPU.Build.0 = Debug|Any CPU
		{00EF999B-3AED-4ADD-BA5B-3D81B2002045}.Release|Any CPU.ActiveCfg = Release|Any CPU
		{00EF999B-3AED-4ADD-BA5B-3D81B2002045}.Release|Any CPU.Build.0 = Release|Any CPU
		{0ACAACFD-9E09-4A56-A4AA-09ED78851FF5}.Debug|Any CPU.ActiveCfg = Debug|Any CPU
		{0ACAACFD-9E09-4A56-A4AA-09ED78851FF5}.Debug|Any CPU.Build.0 = Debug|Any CPU
		{0ACAACFD-9E09-4A56-A4AA-09ED78851FF5}.Release|Any CPU.ActiveCfg = Release|Any CPU
		{0ACAACFD-9E09-4A56-A4AA-09ED78851FF5}.Release|Any CPU.Build.0 = Release|Any CPU
	EndGlobalSection
	GlobalSection(SolutionProperties) = preSolution
		HideSolutionNode = FALSE
	EndGlobalSection
	GlobalSection(ExtensibilityGlobals) = postSolution
		SolutionGuid = {BFF2BCBB-E99D-435F-A2F7-6BF88770031E}
	EndGlobalSection
EndGlobal
